
Microsoft Visual Studio Solution File, Format Version 12.00
# Visual Studio Version 17
VisualStudioVersion = 17.2.32616.157
MinimumVisualStudioVersion = 10.0.40219.1
Project("{9A19103F-16F7-4668-BE54-9A1E7A4F7556}") = "MultiSelect_WebAPI", "Grid_WebAPI\MultiSelect_WebAPI.csproj", "{5BC94AFC-5BB0-4D59-9FAD-74A3B93816EC}"
EndProject
Project("{9A19103F-16F7-4668-BE54-9A1E7A4F7556}") = "Syncfusion.Blazor", "..\..\CR\AddiconAsync\ej2-blazor-source\Syncfusion.Blazor\Syncfusion.Blazor.csproj", "{22F9A4AD-9C7F-4663-9728-BC1F58DB6917}"
EndProject
Global
	GlobalSection(SolutionConfigurationPlatforms) = preSolution
		Debug|Any CPU = Debug|Any CPU
		Release|Any CPU = Release|Any CPU
	EndGlobalSection
	GlobalSection(ProjectConfigurationPlatforms) = postSolution
		{5BC94AFC-5BB0-4D59-9FAD-74A3B93816EC}.Debug|Any CPU.ActiveCfg = Debug|Any CPU
		{5BC94AFC-5BB0-4D59-9FAD-74A3B93816EC}.Debug|Any CPU.Build.0 = Debug|Any CPU
		{5BC94AFC-5BB0-4D59-9FAD-74A3B93816EC}.Release|Any CPU.ActiveCfg = Release|Any CPU
		{5BC94AFC-5BB0-4D59-9FAD-74A3B93816EC}.Release|Any CPU.Build.0 = Release|Any CPU
		{22F9A4AD-9C7F-4663-9728-BC1F58DB6917}.Debug|Any CPU.ActiveCfg = Debug|Any CPU
		{22F9A4AD-9C7F-4663-9728-BC1F58DB6917}.Debug|Any CPU.Build.0 = Debug|Any CPU
		{22F9A4AD-9C7F-4663-9728-BC1F58DB6917}.Release|Any CPU.ActiveCfg = Release|Any CPU
		{22F9A4AD-9C7F-4663-9728-BC1F58DB6917}.Release|Any CPU.Build.0 = Release|Any CPU
	EndGlobalSection
	GlobalSection(SolutionProperties) = preSolution
		HideSolutionNode = FALSE
	EndGlobalSection
	GlobalSection(ExtensibilityGlobals) = postSolution
		SolutionGuid = {A1161B50-2FC7-489C-8A58-7C2FFE49CA26}
	EndGlobalSection
EndGlobal
