
Microsoft Visual Studio Solution File, Format Version 12.00
# Visual Studio Version 17
VisualStudioVersion = 17.2.32616.157
MinimumVisualStudioVersion = 10.0.40219.1
Project("{9A19103F-16F7-4668-BE54-9A1E7A4F7556}") = "MultiSelect_RefreshDataAsync", "MultiSelect_RefreshDataAsync.csproj", "{FAAE587C-56FF-45A3-A928-2AF02E970A22}"
EndProject
Global
	GlobalSection(SolutionConfigurationPlatforms) = preSolution
		Debug|Any CPU = Debug|Any CPU
		Release|Any CPU = Release|Any CPU
	EndGlobalSection
	GlobalSection(ProjectConfigurationPlatforms) = postSolution
		{FAAE587C-56FF-45A3-A928-2AF02E970A22}.Debug|Any CPU.ActiveCfg = Debug|Any CPU
		{FAAE587C-56FF-45A3-A928-2AF02E970A22}.Debug|Any CPU.Build.0 = Debug|Any CPU
		{FAAE587C-56FF-45A3-A928-2AF02E970A22}.Release|Any CPU.ActiveCfg = Release|Any CPU
		{FAAE587C-56FF-45A3-A928-2AF02E970A22}.Release|Any CPU.Build.0 = Release|Any CPU
	EndGlobalSection
	GlobalSection(SolutionProperties) = preSolution
		HideSolutionNode = FALSE
	EndGlobalSection
	GlobalSection(ExtensibilityGlobals) = postSolution
		SolutionGuid = {CFB6584B-B568-4487-9BEC-1AA649894D06}
	EndGlobalSection
EndGlobal
